// !$*UTF8*$!
{
	archiveVersion = 1;
	classes = {
	};
	objectVersion = 55;
	objects = {

/* Begin PBXBuildFile section */
		559752E829926A1F000AB411 /* AppDelegate.swift in Sources */ = {isa = PBXBuildFile; fileRef = 559752E729926A1F000AB411 /* AppDelegate.swift */; };
		559752EA29926A1F000AB411 /* SceneDelegate.swift in Sources */ = {isa = PBXBuildFile; fileRef = 559752E929926A1F000AB411 /* SceneDelegate.swift */; };
		559752EC29926A1F000AB411 /* ListEventsViewController.swift in Sources */ = {isa = PBXBuildFile; fileRef = 559752EB29926A1F000AB411 /* ListEventsViewController.swift */; };
		559752F129926A20000AB411 /* Assets.xcassets in Resources */ = {isa = PBXBuildFile; fileRef = 559752F029926A20000AB411 /* Assets.xcassets */; };
		559752F429926A20000AB411 /* LaunchScreen.storyboard in Resources */ = {isa = PBXBuildFile; fileRef = 559752F229926A20000AB411 /* LaunchScreen.storyboard */; };
		55E5C70C29928D8100F3DFA7 /* RxBaseView.swift in Sources */ = {isa = PBXBuildFile; fileRef = 55E5C70B29928D8100F3DFA7 /* RxBaseView.swift */; };
		55E5C70E29928F4D00F3DFA7 /* RxBaseViewController.swift in Sources */ = {isa = PBXBuildFile; fileRef = 55E5C70D29928F4D00F3DFA7 /* RxBaseViewController.swift */; };
		55E5C7102992906600F3DFA7 /* ListEventsView.swift in Sources */ = {isa = PBXBuildFile; fileRef = 55E5C70F2992906600F3DFA7 /* ListEventsView.swift */; };
		C740BFF1A0C4B82D4ED828BB /* Pods_ListOfEvents.framework in Frameworks */ = {isa = PBXBuildFile; fileRef = 778AA8E908B4B62B6F472E09 /* Pods_ListOfEvents.framework */; };
/* End PBXBuildFile section */

/* Begin PBXFileReference section */
		559752E429926A1F000AB411 /* ListOfEvents.app */ = {isa = PBXFileReference; explicitFileType = wrapper.application; includeInIndex = 0; path = ListOfEvents.app; sourceTree = BUILT_PRODUCTS_DIR; };
		559752E729926A1F000AB411 /* AppDelegate.swift */ = {isa = PBXFileReference; lastKnownFileType = sourcecode.swift; path = AppDelegate.swift; sourceTree = "<group>"; };
		559752E929926A1F000AB411 /* SceneDelegate.swift */ = {isa = PBXFileReference; lastKnownFileType = sourcecode.swift; path = SceneDelegate.swift; sourceTree = "<group>"; };
		559752EB29926A1F000AB411 /* ListEventsViewController.swift */ = {isa = PBXFileReference; lastKnownFileType = sourcecode.swift; path = ListEventsViewController.swift; sourceTree = "<group>"; };
		559752F029926A20000AB411 /* Assets.xcassets */ = {isa = PBXFileReference; lastKnownFileType = folder.assetcatalog; path = Assets.xcassets; sourceTree = "<group>"; };
		559752F329926A20000AB411 /* Base */ = {isa = PBXFileReference; lastKnownFileType = file.storyboard; name = Base; path = Base.lproj/LaunchScreen.storyboard; sourceTree = "<group>"; };
		559752F529926A20000AB411 /* Info.plist */ = {isa = PBXFileReference; lastKnownFileType = text.plist.xml; path = Info.plist; sourceTree = "<group>"; };
		55E5C70B29928D8100F3DFA7 /* RxBaseView.swift */ = {isa = PBXFileReference; lastKnownFileType = sourcecode.swift; path = RxBaseView.swift; sourceTree = "<group>"; };
		55E5C70D29928F4D00F3DFA7 /* RxBaseViewController.swift */ = {isa = PBXFileReference; lastKnownFileType = sourcecode.swift; path = RxBaseViewController.swift; sourceTree = "<group>"; };
		55E5C70F2992906600F3DFA7 /* ListEventsView.swift */ = {isa = PBXFileReference; lastKnownFileType = sourcecode.swift; path = ListEventsView.swift; sourceTree = "<group>"; };
		778AA8E908B4B62B6F472E09 /* Pods_ListOfEvents.framework */ = {isa = PBXFileReference; explicitFileType = wrapper.framework; includeInIndex = 0; path = Pods_ListOfEvents.framework; sourceTree = BUILT_PRODUCTS_DIR; };
		B8F0F8F9F64A3F3A489A9492 /* Pods-ListOfEvents.debug.xcconfig */ = {isa = PBXFileReference; includeInIndex = 1; lastKnownFileType = text.xcconfig; name = "Pods-ListOfEvents.debug.xcconfig"; path = "Target Support Files/Pods-ListOfEvents/Pods-ListOfEvents.debug.xcconfig"; sourceTree = "<group>"; };
		C4DF4703DE13BE69336292C9 /* Pods-ListOfEvents.release.xcconfig */ = {isa = PBXFileReference; includeInIndex = 1; lastKnownFileType = text.xcconfig; name = "Pods-ListOfEvents.release.xcconfig"; path = "Target Support Files/Pods-ListOfEvents/Pods-ListOfEvents.release.xcconfig"; sourceTree = "<group>"; };
/* End PBXFileReference section */

/* Begin PBXFrameworksBuildPhase section */
		559752E129926A1F000AB411 /* Frameworks */ = {
			isa = PBXFrameworksBuildPhase;
			buildActionMask = 2147483647;
			files = (
				C740BFF1A0C4B82D4ED828BB /* Pods_ListOfEvents.framework in Frameworks */,
			);
			runOnlyForDeploymentPostprocessing = 0;
		};
/* End PBXFrameworksBuildPhase section */

/* Begin PBXGroup section */
		1495F97CDC0D2A57B918DF08 /* Pods */ = {
			isa = PBXGroup;
			children = (
				B8F0F8F9F64A3F3A489A9492 /* Pods-ListOfEvents.debug.xcconfig */,
				C4DF4703DE13BE69336292C9 /* Pods-ListOfEvents.release.xcconfig */,
			);
			path = Pods;
			sourceTree = "<group>";
		};
		559752DB29926A1F000AB411 = {
			isa = PBXGroup;
			children = (
				559752E629926A1F000AB411 /* ListOfEvents */,
				559752E529926A1F000AB411 /* Products */,
				1495F97CDC0D2A57B918DF08 /* Pods */,
				CB4CB053713128CF70C619AF /* Frameworks */,
			);
			sourceTree = "<group>";
		};
		559752E529926A1F000AB411 /* Products */ = {
			isa = PBXGroup;
			children = (
				559752E429926A1F000AB411 /* ListOfEvents.app */,
			);
			name = Products;
			sourceTree = "<group>";
		};
		559752E629926A1F000AB411 /* ListOfEvents */ = {
			isa = PBXGroup;
			children = (
				559752F529926A20000AB411 /* Info.plist */,
				5597530029927297000AB411 /* Resources */,
				55975301299272BD000AB411 /* Sources */,
			);
			path = ListOfEvents;
			sourceTree = "<group>";
		};
		5597530029927297000AB411 /* Resources */ = {
			isa = PBXGroup;
			children = (
				559752F229926A20000AB411 /* LaunchScreen.storyboard */,
				559752F029926A20000AB411 /* Assets.xcassets */,
			);
			path = Resources;
			sourceTree = "<group>";
		};
		55975301299272BD000AB411 /* Sources */ = {
			isa = PBXGroup;
			children = (
				55E5C70A29928D6E00F3DFA7 /* Common */,
				55975303299272E9000AB411 /* Modules */,
				55975302299272D5000AB411 /* App */,
			);
			path = Sources;
			sourceTree = "<group>";
		};
		55975302299272D5000AB411 /* App */ = {
			isa = PBXGroup;
			children = (
				559752E729926A1F000AB411 /* AppDelegate.swift */,
				559752E929926A1F000AB411 /* SceneDelegate.swift */,
			);
			path = App;
			sourceTree = "<group>";
		};
		55975303299272E9000AB411 /* Modules */ = {
			isa = PBXGroup;
			children = (
				559752EB29926A1F000AB411 /* ListEventsViewController.swift */,
				55E5C70F2992906600F3DFA7 /* ListEventsView.swift */,
			);
			path = Modules;
			sourceTree = "<group>";
		};
		55E5C70A29928D6E00F3DFA7 /* Common */ = {
			isa = PBXGroup;
			children = (
				55E5C70B29928D8100F3DFA7 /* RxBaseView.swift */,
				55E5C70D29928F4D00F3DFA7 /* RxBaseViewController.swift */,
			);
			path = Common;
			sourceTree = "<group>";
		};
		CB4CB053713128CF70C619AF /* Frameworks */ = {
			isa = PBXGroup;
			children = (
				778AA8E908B4B62B6F472E09 /* Pods_ListOfEvents.framework */,
			);
			name = Frameworks;
			sourceTree = "<group>";
		};
/* End PBXGroup section */

/* Begin PBXNativeTarget section */
		559752E329926A1F000AB411 /* ListOfEvents */ = {
			isa = PBXNativeTarget;
			buildConfigurationList = 559752F829926A20000AB411 /* Build configuration list for PBXNativeTarget "ListOfEvents" */;
			buildPhases = (
				FD6554F7D229A9AE5CDC5DCA /* [CP] Check Pods Manifest.lock */,
				559752E029926A1F000AB411 /* Sources */,
				559752E129926A1F000AB411 /* Frameworks */,
				559752E229926A1F000AB411 /* Resources */,
				9D0BC21050FE6CF0AE0D61CA /* [CP] Embed Pods Frameworks */,
			);
			buildRules = (
			);
			dependencies = (
			);
			name = ListOfEvents;
			productName = ListOfEvents;
			productReference = 559752E429926A1F000AB411 /* ListOfEvents.app */;
			productType = "com.apple.product-type.application";
		};
/* End PBXNativeTarget section */

/* Begin PBXProject section */
		559752DC29926A1F000AB411 /* Project object */ = {
			isa = PBXProject;
			attributes = {
				BuildIndependentTargetsInParallel = 1;
				LastSwiftUpdateCheck = 1420;
				LastUpgradeCheck = 1420;
				TargetAttributes = {
					559752E329926A1F000AB411 = {
						CreatedOnToolsVersion = 14.2;
					};
				};
			};
			buildConfigurationList = 559752DF29926A1F000AB411 /* Build configuration list for PBXProject "ListOfEvents" */;
			compatibilityVersion = "Xcode 13.0";
			developmentRegion = en;
			hasScannedForEncodings = 0;
			knownRegions = (
				en,
				Base,
			);
			mainGroup = 559752DB29926A1F000AB411;
			productRefGroup = 559752E529926A1F000AB411 /* Products */;
			projectDirPath = "";
			projectRoot = "";
			targets = (
				559752E329926A1F000AB411 /* ListOfEvents */,
			);
		};
/* End PBXProject section */

/* Begin PBXResourcesBuildPhase section */
		559752E229926A1F000AB411 /* Resources */ = {
			isa = PBXResourcesBuildPhase;
			buildActionMask = 2147483647;
			files = (
				559752F429926A20000AB411 /* LaunchScreen.storyboard in Resources */,
				559752F129926A20000AB411 /* Assets.xcassets in Resources */,
			);
			runOnlyForDeploymentPostprocessing = 0;
		};
/* End PBXResourcesBuildPhase section */

/* Begin PBXShellScriptBuildPhase section */
		9D0BC21050FE6CF0AE0D61CA /* [CP] Embed Pods Frameworks */ = {
			isa = PBXShellScriptBuildPhase;
			buildActionMask = 2147483647;
			files = (
			);
			inputFileListPaths = (
				"${PODS_ROOT}/Target Support Files/Pods-ListOfEvents/Pods-ListOfEvents-frameworks-${CONFIGURATION}-input-files.xcfilelist",
			);
			name = "[CP] Embed Pods Frameworks";
			outputFileListPaths = (
				"${PODS_ROOT}/Target Support Files/Pods-ListOfEvents/Pods-ListOfEvents-frameworks-${CONFIGURATION}-output-files.xcfilelist",
			);
			runOnlyForDeploymentPostprocessing = 0;
			shellPath = /bin/sh;
			shellScript = "\"${PODS_ROOT}/Target Support Files/Pods-ListOfEvents/Pods-ListOfEvents-frameworks.sh\"\n";
			showEnvVarsInLog = 0;
		};
		FD6554F7D229A9AE5CDC5DCA /* [CP] Check Pods Manifest.lock */ = {
			isa = PBXShellScriptBuildPhase;
			buildActionMask = 2147483647;
			files = (
			);
			inputFileListPaths = (
			);
			inputPaths = (
				"${PODS_PODFILE_DIR_PATH}/Podfile.lock",
				"${PODS_ROOT}/Manifest.lock",
			);
			name = "[CP] Check Pods Manifest.lock";
			outputFileListPaths = (
			);
			outputPaths = (
				"$(DERIVED_FILE_DIR)/Pods-ListOfEvents-checkManifestLockResult.txt",
			);
			runOnlyForDeploymentPostprocessing = 0;
			shellPath = /bin/sh;
			shellScript = "diff \"${PODS_PODFILE_DIR_PATH}/Podfile.lock\" \"${PODS_ROOT}/Manifest.lock\" > /dev/null\nif [ $? != 0 ] ; then\n    # print error to STDERR\n    echo \"error: The sandbox is not in sync with the Podfile.lock. Run 'pod install' or update your CocoaPods installation.\" >&2\n    exit 1\nfi\n# This output is used by Xcode 'outputs' to avoid re-running this script phase.\necho \"SUCCESS\" > \"${SCRIPT_OUTPUT_FILE_0}\"\n";
			showEnvVarsInLog = 0;
		};
/* End PBXShellScriptBuildPhase section */

/* Begin PBXSourcesBuildPhase section */
		559752E029926A1F000AB411 /* Sources */ = {
			isa = PBXSourcesBuildPhase;
			buildActionMask = 2147483647;
			files = (
				559752EC29926A1F000AB411 /* ListEventsViewController.swift in Sources */,
				55E5C7102992906600F3DFA7 /* ListEventsView.swift in Sources */,
				559752E829926A1F000AB411 /* AppDelegate.swift in Sources */,
				559752EA29926A1F000AB411 /* SceneDelegate.swift in Sources */,
				55E5C70C29928D8100F3DFA7 /* RxBaseView.swift in Sources */,
				55E5C70E29928F4D00F3DFA7 /* RxBaseViewController.swift in Sources */,
			);
			runOnlyForDeploymentPostprocessing = 0;
		};
/* End PBXSourcesBuildPhase section */

/* Begin PBXVariantGroup section */
		559752F229926A20000AB411 /* LaunchScreen.storyboard */ = {
			isa = PBXVariantGroup;
			children = (
				559752F329926A20000AB411 /* Base */,
			);
			name = LaunchScreen.storyboard;
			sourceTree = "<group>";
		};
/* End PBXVariantGroup section */

/* Begin XCBuildConfiguration section */
		559752F629926A20000AB411 /* Debug */ = {
			isa = XCBuildConfiguration;
			buildSettings = {
				ALWAYS_SEARCH_USER_PATHS = NO;
				CLANG_ANALYZER_NONNULL = YES;
				CLANG_ANALYZER_NUMBER_OBJECT_CONVERSION = YES_AGGRESSIVE;
				CLANG_CXX_LANGUAGE_STANDARD = "gnu++20";
				CLANG_ENABLE_MODULES = YES;
				CLANG_ENABLE_OBJC_ARC = YES;
				CLANG_ENABLE_OBJC_WEAK = YES;
				CLANG_WARN_BLOCK_CAPTURE_AUTORELEASING = YES;
				CLANG_WARN_BOOL_CONVERSION = YES;
				CLANG_WARN_COMMA = YES;
				CLANG_WARN_CONSTANT_CONVERSION = YES;
				CLANG_WARN_DEPRECATED_OBJC_IMPLEMENTATIONS = YES;
				CLANG_WARN_DIRECT_OBJC_ISA_USAGE = YES_ERROR;
				CLANG_WARN_DOCUMENTATION_COMMENTS = YES;
				CLANG_WARN_EMPTY_BODY = YES;
				CLANG_WARN_ENUM_CONVERSION = YES;
				CLANG_WARN_INFINITE_RECURSION = YES;
				CLANG_WARN_INT_CONVERSION = YES;
				CLANG_WARN_NON_LITERAL_NULL_CONVERSION = YES;
				CLANG_WARN_OBJC_IMPLICIT_RETAIN_SELF = YES;
				CLANG_WARN_OBJC_LITERAL_CONVERSION = YES;
				CLANG_WARN_OBJC_ROOT_CLASS = YES_ERROR;
				CLANG_WARN_QUOTED_INCLUDE_IN_FRAMEWORK_HEADER = YES;
				CLANG_WARN_RANGE_LOOP_ANALYSIS = YES;
				CLANG_WARN_STRICT_PROTOTYPES = YES;
				CLANG_WARN_SUSPICIOUS_MOVE = YES;
				CLANG_WARN_UNGUARDED_AVAILABILITY = YES_AGGRESSIVE;
				CLANG_WARN_UNREACHABLE_CODE = YES;
				CLANG_WARN__DUPLICATE_METHOD_MATCH = YES;
				COPY_PHASE_STRIP = NO;
				DEBUG_INFORMATION_FORMAT = dwarf;
				ENABLE_STRICT_OBJC_MSGSEND = YES;
				ENABLE_TESTABILITY = YES;
				GCC_C_LANGUAGE_STANDARD = gnu11;
				GCC_DYNAMIC_NO_PIC = NO;
				GCC_NO_COMMON_BLOCKS = YES;
				GCC_OPTIMIZATION_LEVEL = 0;
				GCC_PREPROCESSOR_DEFINITIONS = (
					"DEBUG=1",
					"$(inherited)",
				);
				GCC_WARN_64_TO_32_BIT_CONVERSION = YES;
				GCC_WARN_ABOUT_RETURN_TYPE = YES_ERROR;
				GCC_WARN_UNDECLARED_SELECTOR = YES;
				GCC_WARN_UNINITIALIZED_AUTOS = YES_AGGRESSIVE;
				GCC_WARN_UNUSED_FUNCTION = YES;
				GCC_WARN_UNUSED_VARIABLE = YES;
				IPHONEOS_DEPLOYMENT_TARGET = 16.2;
				MTL_ENABLE_DEBUG_INFO = INCLUDE_SOURCE;
				MTL_FAST_MATH = YES;
				ONLY_ACTIVE_ARCH = YES;
				SDKROOT = iphoneos;
				SWIFT_ACTIVE_COMPILATION_CONDITIONS = DEBUG;
				SWIFT_OPTIMIZATION_LEVEL = "-Onone";
			};
			name = Debug;
		};
		559752F729926A20000AB411 /* Release */ = {
			isa = XCBuildConfiguration;
			buildSettings = {
				ALWAYS_SEARCH_USER_PATHS = NO;
				CLANG_ANALYZER_NONNULL = YES;
				CLANG_ANALYZER_NUMBER_OBJECT_CONVERSION = YES_AGGRESSIVE;
				CLANG_CXX_LANGUAGE_STANDARD = "gnu++20";
				CLANG_ENABLE_MODULES = YES;
				CLANG_ENABLE_OBJC_ARC = YES;
				CLANG_ENABLE_OBJC_WEAK = YES;
				CLANG_WARN_BLOCK_CAPTURE_AUTORELEASING = YES;
				CLANG_WARN_BOOL_CONVERSION = YES;
				CLANG_WARN_COMMA = YES;
				CLANG_WARN_CONSTANT_CONVERSION = YES;
				CLANG_WARN_DEPRECATED_OBJC_IMPLEMENTATIONS = YES;
				CLANG_WARN_DIRECT_OBJC_ISA_USAGE = YES_ERROR;
				CLANG_WARN_DOCUMENTATION_COMMENTS = YES;
				CLANG_WARN_EMPTY_BODY = YES;
				CLANG_WARN_ENUM_CONVERSION = YES;
				CLANG_WARN_INFINITE_RECURSION = YES;
				CLANG_WARN_INT_CONVERSION = YES;
				CLANG_WARN_NON_LITERAL_NULL_CONVERSION = YES;
				CLANG_WARN_OBJC_IMPLICIT_RETAIN_SELF = YES;
				CLANG_WARN_OBJC_LITERAL_CONVERSION = YES;
				CLANG_WARN_OBJC_ROOT_CLASS = YES_ERROR;
				CLANG_WARN_QUOTED_INCLUDE_IN_FRAMEWORK_HEADER = YES;
				CLANG_WARN_RANGE_LOOP_ANALYSIS = YES;
				CLANG_WARN_STRICT_PROTOTYPES = YES;
				CLANG_WARN_SUSPICIOUS_MOVE = YES;
				CLANG_WARN_UNGUARDED_AVAILABILITY = YES_AGGRESSIVE;
				CLANG_WARN_UNREACHABLE_CODE = YES;
				CLANG_WARN__DUPLICATE_METHOD_MATCH = YES;
				COPY_PHASE_STRIP = NO;
				DEBUG_INFORMATION_FORMAT = "dwarf-with-dsym";
				ENABLE_NS_ASSERTIONS = NO;
				ENABLE_STRICT_OBJC_MSGSEND = YES;
				GCC_C_LANGUAGE_STANDARD = gnu11;
				GCC_NO_COMMON_BLOCKS = YES;
				GCC_WARN_64_TO_32_BIT_CONVERSION = YES;
				GCC_WARN_ABOUT_RETURN_TYPE = YES_ERROR;
				GCC_WARN_UNDECLARED_SELECTOR = YES;
				GCC_WARN_UNINITIALIZED_AUTOS = YES_AGGRESSIVE;
				GCC_WARN_UNUSED_FUNCTION = YES;
				GCC_WARN_UNUSED_VARIABLE = YES;
				IPHONEOS_DEPLOYMENT_TARGET = 16.2;
				MTL_ENABLE_DEBUG_INFO = NO;
				MTL_FAST_MATH = YES;
				SDKROOT = iphoneos;
				SWIFT_COMPILATION_MODE = wholemodule;
				SWIFT_OPTIMIZATION_LEVEL = "-O";
				VALIDATE_PRODUCT = YES;
			};
			name = Release;
		};
		559752F929926A20000AB411 /* Debug */ = {
			isa = XCBuildConfiguration;
			baseConfigurationReference = B8F0F8F9F64A3F3A489A9492 /* Pods-ListOfEvents.debug.xcconfig */;
			buildSettings = {
				ASSETCATALOG_COMPILER_APPICON_NAME = AppIcon;
				ASSETCATALOG_COMPILER_GLOBAL_ACCENT_COLOR_NAME = AccentColor;
				CODE_SIGN_STYLE = Automatic;
				CURRENT_PROJECT_VERSION = 1;
				DEVELOPMENT_TEAM = CT2Z3RU3KS;
				GENERATE_INFOPLIST_FILE = YES;
				INFOPLIST_FILE = ListOfEvents/Info.plist;
				INFOPLIST_KEY_UIApplicationSupportsIndirectInputEvents = YES;
				INFOPLIST_KEY_UILaunchStoryboardName = LaunchScreen;
				INFOPLIST_KEY_UISupportedInterfaceOrientations_iPad = "UIInterfaceOrientationPortrait UIInterfaceOrientationPortraitUpsideDown UIInterfaceOrientationLandscapeLeft UIInterfaceOrientationLandscapeRight";
				INFOPLIST_KEY_UISupportedInterfaceOrientations_iPhone = "UIInterfaceOrientationPortrait UIInterfaceOrientationLandscapeLeft UIInterfaceOrientationLandscapeRight";
				LD_RUNPATH_SEARCH_PATHS = (
					"$(inherited)",
					"@executable_path/Frameworks",
				);
				MARKETING_VERSION = 1.0;
				PRODUCT_BUNDLE_IDENTIFIER = Anastasiia.ListOfEvents;
				PRODUCT_NAME = "$(TARGET_NAME)";
				SWIFT_EMIT_LOC_STRINGS = YES;
				SWIFT_VERSION = 5.0;
				TARGETED_DEVICE_FAMILY = "1,2";
			};
			name = Debug;
		};
		559752FA29926A20000AB411 /* Release */ = {
			isa = XCBuildConfiguration;
			baseConfigurationReference = C4DF4703DE13BE69336292C9 /* Pods-ListOfEvents.release.xcconfig */;
			buildSettings = {
				ASSETCATALOG_COMPILER_APPICON_NAME = AppIcon;
				ASSETCATALOG_COMPILER_GLOBAL_ACCENT_COLOR_NAME = AccentColor;
				CODE_SIGN_STYLE = Automatic;
				CURRENT_PROJECT_VERSION = 1;
				DEVELOPMENT_TEAM = CT2Z3RU3KS;
				GENERATE_INFOPLIST_FILE = YES;
				INFOPLIST_FILE = ListOfEvents/Info.plist;
				INFOPLIST_KEY_UIApplicationSupportsIndirectInputEvents = YES;
				INFOPLIST_KEY_UILaunchStoryboardName = LaunchScreen;
				INFOPLIST_KEY_UISupportedInterfaceOrientations_iPad = "UIInterfaceOrientationPortrait UIInterfaceOrientationPortraitUpsideDown UIInterfaceOrientationLandscapeLeft UIInterfaceOrientationLandscapeRight";
				INFOPLIST_KEY_UISupportedInterfaceOrientations_iPhone = "UIInterfaceOrientationPortrait UIInterfaceOrientationLandscapeLeft UIInterfaceOrientationLandscapeRight";
				LD_RUNPATH_SEARCH_PATHS = (
					"$(inherited)",
					"@executable_path/Frameworks",
				);
				MARKETING_VERSION = 1.0;
				PRODUCT_BUNDLE_IDENTIFIER = Anastasiia.ListOfEvents;
				PRODUCT_NAME = "$(TARGET_NAME)";
				SWIFT_EMIT_LOC_STRINGS = YES;
				SWIFT_VERSION = 5.0;
				TARGETED_DEVICE_FAMILY = "1,2";
			};
			name = Release;
		};
/* End XCBuildConfiguration section */

/* Begin XCConfigurationList section */
		559752DF29926A1F000AB411 /* Build configuration list for PBXProject "ListOfEvents" */ = {
			isa = XCConfigurationList;
			buildConfigurations = (
				559752F629926A20000AB411 /* Debug */,
				559752F729926A20000AB411 /* Release */,
			);
			defaultConfigurationIsVisible = 0;
			defaultConfigurationName = Release;
		};
		559752F829926A20000AB411 /* Build configuration list for PBXNativeTarget "ListOfEvents" */ = {
			isa = XCConfigurationList;
			buildConfigurations = (
				559752F929926A20000AB411 /* Debug */,
				559752FA29926A20000AB411 /* Release */,
			);
			defaultConfigurationIsVisible = 0;
			defaultConfigurationName = Release;
		};
/* End XCConfigurationList section */
	};
	rootObject = 559752DC29926A1F000AB411 /* Project object */;
}
